PODS:
  - J2ObjC/lib/jre (0.9.3)
  - J2ObjC/lib/jsr305 (0.9.3):
    - J2ObjC/lib/jre
  - Joda-Time (2.5):
    - J2ObjC/lib/jre (~> 0.9.3)
    - J2ObjC/lib/jsr305 (~> 0.9.3)

DEPENDENCIES:
  - Joda-Time (from `../`)

EXTERNAL SOURCES:
  Joda-Time:
    :path: ../

SPEC CHECKSUMS:
  J2ObjC: e5881af74be2a3df0eadd377ce5fcf88712c2e26
  Joda-Time: 9b44103cbb6e5a0ec2cb1f5fab4ac2674afdecea

COCOAPODS: 0.35.0
